{
  "requires": true,
  "lockfileVersion": 1,
  "dependencies": {
    "ansicolor": {
      "version": "1.1.93",
      "resolved": "https://registry.npmjs.org/ansicolor/-/ansicolor-1.1.93.tgz",
      "integrity": "sha512-4dhht0A3T3i+wshSm1kUnJySJnMfaV9Y4O27PcIVQkQR73ska32ddhxxJBIgs+ghvDOs5wpLthiA88VM9SyzPw=="
    },
    "commander": {
      "version": "6.2.0",
      "resolved": "https://registry.npmjs.org/commander/-/commander-6.2.0.tgz",
      "integrity": "sha512-zP4jEKbe8SHzKJYQmq8Y9gYjtO/POJLgIdKgV7B9qNmABVFVc+ctqSX6iXh4mCpJfRBOabiZ2YKPg8ciDw6C+Q=="
    },
    "esprima": {
      "version": "4.0.1",
      "resolved": "https://registry.npmjs.org/esprima/-/esprima-4.0.1.tgz",
      "integrity": "sha512-eGuFFw7Upda+g4p+QHvnW0RyTX/SVeJBDM/gCtMARO0cLuT2HcEKnTPvhjV6aGeqrCB/sbNop0Kszm0jsaWU4A=="
    }
  }
}
